
Microsoft Visual Studio Solution File, Format Version 11.00
# Visual Studio 2010
Project("{FAE04EC0-301F-11D3-BF4B-00C04F79EFBC}") = "ShoppingMarket", "ShoppingMarket.csproj", "{723FE466-7487-45D3-A512-776EA00FC034}"
EndProject
Global
	GlobalSection(SolutionConfigurationPlatforms) = preSolution
		Debug|Any CPU = Debug|Any CPU
		Release|Any CPU = Release|Any CPU
	EndGlobalSection
	GlobalSection(ProjectConfigurationPlatforms) = postSolution
		{723FE466-7487-45D3-A512-776EA00FC034}.Debug|Any CPU.ActiveCfg = Debug|Any CPU
		{723FE466-7487-45D3-A512-776EA00FC034}.Debug|Any CPU.Build.0 = Debug|Any CPU
		{723FE466-7487-45D3-A512-776EA00FC034}.Release|Any CPU.ActiveCfg = Release|Any CPU
		{723FE466-7487-45D3-A512-776EA00FC034}.Release|Any CPU.Build.0 = Release|Any CPU
	EndGlobalSection
	GlobalSection(SolutionProperties) = preSolution
		HideSolutionNode = FALSE
	EndGlobalSection
EndGlobal
